
Microsoft Visual Studio Solution File, Format Version 12.00
# Visual Studio Version 17
VisualStudioVersion = 17.4.33110.190
MinimumVisualStudioVersion = 10.0.40219.1
Project("{FAE04EC0-301F-11D3-BF4B-00C04F79EFBC}") = "KalbeShop", "Online-Shop-Kalbe\KalbeShop.csproj", "{05434E4F-335C-4878-A683-246A0FD1E586}"
EndProject
Project("{FAE04EC0-301F-11D3-BF4B-00C04F79EFBC}") = "KalbeShop.ViewModels", "KalbeShop.ViewModels\KalbeShop.ViewModels.csproj", "{E57E521E-9878-439B-AB09-8378E3D6ED86}"
EndProject
Project("{FAE04EC0-301F-11D3-BF4B-00C04F79EFBC}") = "KalbeShop.DataModels", "KalbeShop.DataModels\KalbeShop.DataModels.csproj", "{2D4E6203-FBAA-4124-9D1E-22B2FA4D0EB8}"
EndProject
Project("{FAE04EC0-301F-11D3-BF4B-00C04F79EFBC}") = "KalbeShop.WebApi", "KalbeShop.WebApi\KalbeShop.WebApi.csproj", "{3952E43F-D130-4A78-B009-1F19A6BD94BC}"
EndProject
Project("{FAE04EC0-301F-11D3-BF4B-00C04F79EFBC}") = "KalbeShop.Repo", "KalbeShop.Repo\KalbeShop.Repo.csproj", "{9C3B93F8-3168-4E0E-9907-A45749EBB28A}"
EndProject
Global
	GlobalSection(SolutionConfigurationPlatforms) = preSolution
		Debug|Any CPU = Debug|Any CPU
		Release|Any CPU = Release|Any CPU
	EndGlobalSection
	GlobalSection(ProjectConfigurationPlatforms) = postSolution
		{05434E4F-335C-4878-A683-246A0FD1E586}.Debug|Any CPU.ActiveCfg = Debug|Any CPU
		{05434E4F-335C-4878-A683-246A0FD1E586}.Debug|Any CPU.Build.0 = Debug|Any CPU
		{05434E4F-335C-4878-A683-246A0FD1E586}.Release|Any CPU.ActiveCfg = Release|Any CPU
		{05434E4F-335C-4878-A683-246A0FD1E586}.Release|Any CPU.Build.0 = Release|Any CPU
		{E57E521E-9878-439B-AB09-8378E3D6ED86}.Debug|Any CPU.ActiveCfg = Debug|Any CPU
		{E57E521E-9878-439B-AB09-8378E3D6ED86}.Debug|Any CPU.Build.0 = Debug|Any CPU
		{E57E521E-9878-439B-AB09-8378E3D6ED86}.Release|Any CPU.ActiveCfg = Release|Any CPU
		{E57E521E-9878-439B-AB09-8378E3D6ED86}.Release|Any CPU.Build.0 = Release|Any CPU
		{2D4E6203-FBAA-4124-9D1E-22B2FA4D0EB8}.Debug|Any CPU.ActiveCfg = Debug|Any CPU
		{2D4E6203-FBAA-4124-9D1E-22B2FA4D0EB8}.Debug|Any CPU.Build.0 = Debug|Any CPU
		{2D4E6203-FBAA-4124-9D1E-22B2FA4D0EB8}.Release|Any CPU.ActiveCfg = Release|Any CPU
		{2D4E6203-FBAA-4124-9D1E-22B2FA4D0EB8}.Release|Any CPU.Build.0 = Release|Any CPU
		{3952E43F-D130-4A78-B009-1F19A6BD94BC}.Debug|Any CPU.ActiveCfg = Debug|Any CPU
		{3952E43F-D130-4A78-B009-1F19A6BD94BC}.Debug|Any CPU.Build.0 = Debug|Any CPU
		{3952E43F-D130-4A78-B009-1F19A6BD94BC}.Release|Any CPU.ActiveCfg = Release|Any CPU
		{3952E43F-D130-4A78-B009-1F19A6BD94BC}.Release|Any CPU.Build.0 = Release|Any CPU
		{9C3B93F8-3168-4E0E-9907-A45749EBB28A}.Debug|Any CPU.ActiveCfg = Debug|Any CPU
		{9C3B93F8-3168-4E0E-9907-A45749EBB28A}.Debug|Any CPU.Build.0 = Debug|Any CPU
		{9C3B93F8-3168-4E0E-9907-A45749EBB28A}.Release|Any CPU.ActiveCfg = Release|Any CPU
		{9C3B93F8-3168-4E0E-9907-A45749EBB28A}.Release|Any CPU.Build.0 = Release|Any CPU
	EndGlobalSection
	GlobalSection(SolutionProperties) = preSolution
		HideSolutionNode = FALSE
	EndGlobalSection
	GlobalSection(ExtensibilityGlobals) = postSolution
		SolutionGuid = {952BE52B-BBF2-4DA8-BF92-E9B671AB5747}
	EndGlobalSection
EndGlobal
